// !$*UTF8*$!
{
	archiveVersion = 1;
	classes = {
	};
	objectVersion = 56;
	objects = {

/* Begin PBXBuildFile section */
		BD6940A6294E0144000AE3BB /* MainView.swift in Sources */ = {isa = PBXBuildFile; fileRef = BD6940A5294E0144000AE3BB /* MainView.swift */; };
		BDA31AE529538E2E0069E38F /* DetailGridCell.swift in Sources */ = {isa = PBXBuildFile; fileRef = BDA31AE429538E2E0069E38F /* DetailGridCell.swift */; };
		BDA31AE829547F6C0069E38F /* UsersTipsView.swift in Sources */ = {isa = PBXBuildFile; fileRef = BDA31AE729547F6C0069E38F /* UsersTipsView.swift */; };
		BDAA355C2956314D007CD6F7 /* LocationManager.swift in Sources */ = {isa = PBXBuildFile; fileRef = BDAA355B2956314D007CD6F7 /* LocationManager.swift */; };
		BDAA355F295636DE007CD6F7 /* LocationRequestView.swift in Sources */ = {isa = PBXBuildFile; fileRef = BDAA355E295636DE007CD6F7 /* LocationRequestView.swift */; };
		BDBB7BCC294BC43600515A8C /* CategoryPlaceMarker.swift in Sources */ = {isa = PBXBuildFile; fileRef = BDBB7BCB294BC43600515A8C /* CategoryPlaceMarker.swift */; };
		BDBB7BCE294BCC9F00515A8C /* Categories.swift in Sources */ = {isa = PBXBuildFile; fileRef = BDBB7BCD294BCC9F00515A8C /* Categories.swift */; };
		BDBB7BD2294BCCEA00515A8C /* CategoryView.swift in Sources */ = {isa = PBXBuildFile; fileRef = BDBB7BD1294BCCEA00515A8C /* CategoryView.swift */; };
		BDCA2F502958A56600F43B4A /* Settings.swift in Sources */ = {isa = PBXBuildFile; fileRef = BDCA2F4F2958A56600F43B4A /* Settings.swift */; };
		BDCA3E6F290844DC006420E4 /* FoursquareAppSwiftUIApp.swift in Sources */ = {isa = PBXBuildFile; fileRef = BDCA3E6E290844DC006420E4 /* FoursquareAppSwiftUIApp.swift */; };
		BDCA3E71290844DC006420E4 /* GeopointView.swift in Sources */ = {isa = PBXBuildFile; fileRef = BDCA3E70290844DC006420E4 /* GeopointView.swift */; };
		BDCA3E73290844DD006420E4 /* Assets.xcassets in Resources */ = {isa = PBXBuildFile; fileRef = BDCA3E72290844DD006420E4 /* Assets.xcassets */; };
		BDCA3E76290844DD006420E4 /* Preview Assets.xcassets in Resources */ = {isa = PBXBuildFile; fileRef = BDCA3E75290844DD006420E4 /* Preview Assets.xcassets */; };
		BDCA3E84290855DD006420E4 /* DataFetcher.swift in Sources */ = {isa = PBXBuildFile; fileRef = BDCA3E83290855DD006420E4 /* DataFetcher.swift */; };
		BDCA3E86290855F3006420E4 /* FoursquareService.swift in Sources */ = {isa = PBXBuildFile; fileRef = BDCA3E85290855F3006420E4 /* FoursquareService.swift */; };
		BDCA3E8A2908626F006420E4 /* Moya in Frameworks */ = {isa = PBXBuildFile; productRef = BDCA3E892908626F006420E4 /* Moya */; };
		BDCA3E90290865B0006420E4 /* placesAndNearbyModels.swift in Sources */ = {isa = PBXBuildFile; fileRef = BDCA3E8B290865B0006420E4 /* placesAndNearbyModels.swift */; };
		BDCA3E91290865B0006420E4 /* ContextModels.swift in Sources */ = {isa = PBXBuildFile; fileRef = BDCA3E8C290865B0006420E4 /* ContextModels.swift */; };
		BDCA3E92290865B0006420E4 /* TipsModels.swift in Sources */ = {isa = PBXBuildFile; fileRef = BDCA3E8D290865B0006420E4 /* TipsModels.swift */; };
		BDCA3E93290865B0006420E4 /* PlaceModels.swift in Sources */ = {isa = PBXBuildFile; fileRef = BDCA3E8E290865B0006420E4 /* PlaceModels.swift */; };
		BDCA3E94290865B0006420E4 /* PhotoItem.swift in Sources */ = {isa = PBXBuildFile; fileRef = BDCA3E8F290865B0006420E4 /* PhotoItem.swift */; };
		BDCA3E9629086BDF006420E4 /* SearchCellView.swift in Sources */ = {isa = PBXBuildFile; fileRef = BDCA3E9529086BDF006420E4 /* SearchCellView.swift */; };
		BDE38F022909CA200098C16B /* DetailPlaceView.swift in Sources */ = {isa = PBXBuildFile; fileRef = BDE38F012909CA200098C16B /* DetailPlaceView.swift */; };
		BDEDA70B2961EA3700D14592 /* LocationMapView.swift in Sources */ = {isa = PBXBuildFile; fileRef = BDEDA70A2961EA3700D14592 /* LocationMapView.swift */; };
		BDF9DE522909B9A500E8ECE6 /* SDWebImageSwiftUI in Frameworks */ = {isa = PBXBuildFile; productRef = BDF9DE512909B9A500E8ECE6 /* SDWebImageSwiftUI */; };
		BDF9DE552909BF4F00E8ECE6 /* ViewExtensions.swift in Sources */ = {isa = PBXBuildFile; fileRef = BDF9DE542909BF4F00E8ECE6 /* ViewExtensions.swift */; };
/* End PBXBuildFile section */

/* Begin PBXFileReference section */
		BD6940A5294E0144000AE3BB /* MainView.swift */ = {isa = PBXFileReference; lastKnownFileType = sourcecode.swift; path = MainView.swift; sourceTree = "<group>"; };
		BDA31AE429538E2E0069E38F /* DetailGridCell.swift */ = {isa = PBXFileReference; lastKnownFileType = sourcecode.swift; path = DetailGridCell.swift; sourceTree = "<group>"; };
		BDA31AE729547F6C0069E38F /* UsersTipsView.swift */ = {isa = PBXFileReference; lastKnownFileType = sourcecode.swift; path = UsersTipsView.swift; sourceTree = "<group>"; };
		BDAA355B2956314D007CD6F7 /* LocationManager.swift */ = {isa = PBXFileReference; lastKnownFileType = sourcecode.swift; path = LocationManager.swift; sourceTree = "<group>"; };
		BDAA355E295636DE007CD6F7 /* LocationRequestView.swift */ = {isa = PBXFileReference; lastKnownFileType = sourcecode.swift; path = LocationRequestView.swift; sourceTree = "<group>"; };
		BDBB7BCB294BC43600515A8C /* CategoryPlaceMarker.swift */ = {isa = PBXFileReference; lastKnownFileType = sourcecode.swift; path = CategoryPlaceMarker.swift; sourceTree = "<group>"; };
		BDBB7BCD294BCC9F00515A8C /* Categories.swift */ = {isa = PBXFileReference; lastKnownFileType = sourcecode.swift; path = Categories.swift; sourceTree = "<group>"; };
		BDBB7BD1294BCCEA00515A8C /* CategoryView.swift */ = {isa = PBXFileReference; lastKnownFileType = sourcecode.swift; path = CategoryView.swift; sourceTree = "<group>"; };
		BDCA2F4F2958A56600F43B4A /* Settings.swift */ = {isa = PBXFileReference; lastKnownFileType = sourcecode.swift; path = Settings.swift; sourceTree = "<group>"; };
		BDCA3E6B290844DC006420E4 /* FoursquareAppSwiftUI.app */ = {isa = PBXFileReference; explicitFileType = wrapper.application; includeInIndex = 0; path = FoursquareAppSwiftUI.app; sourceTree = BUILT_PRODUCTS_DIR; };
		BDCA3E6E290844DC006420E4 /* FoursquareAppSwiftUIApp.swift */ = {isa = PBXFileReference; lastKnownFileType = sourcecode.swift; path = FoursquareAppSwiftUIApp.swift; sourceTree = "<group>"; };
		BDCA3E70290844DC006420E4 /* GeopointView.swift */ = {isa = PBXFileReference; lastKnownFileType = sourcecode.swift; path = GeopointView.swift; sourceTree = "<group>"; };
		BDCA3E72290844DD006420E4 /* Assets.xcassets */ = {isa = PBXFileReference; lastKnownFileType = folder.assetcatalog; path = Assets.xcassets; sourceTree = "<group>"; };
		BDCA3E75290844DD006420E4 /* Preview Assets.xcassets */ = {isa = PBXFileReference; lastKnownFileType = folder.assetcatalog; path = "Preview Assets.xcassets"; sourceTree = "<group>"; };
		BDCA3E83290855DD006420E4 /* DataFetcher.swift */ = {isa = PBXFileReference; lastKnownFileType = sourcecode.swift; path = DataFetcher.swift; sourceTree = "<group>"; };
		BDCA3E85290855F3006420E4 /* FoursquareService.swift */ = {isa = PBXFileReference; lastKnownFileType = sourcecode.swift; path = FoursquareService.swift; sourceTree = "<group>"; };
		BDCA3E8B290865B0006420E4 /* placesAndNearbyModels.swift */ = {isa = PBXFileReference; fileEncoding = 4; lastKnownFileType = sourcecode.swift; path = placesAndNearbyModels.swift; sourceTree = "<group>"; };
		BDCA3E8C290865B0006420E4 /* ContextModels.swift */ = {isa = PBXFileReference; fileEncoding = 4; lastKnownFileType = sourcecode.swift; path = ContextModels.swift; sourceTree = "<group>"; };
		BDCA3E8D290865B0006420E4 /* TipsModels.swift */ = {isa = PBXFileReference; fileEncoding = 4; lastKnownFileType = sourcecode.swift; path = TipsModels.swift; sourceTree = "<group>"; };
		BDCA3E8E290865B0006420E4 /* PlaceModels.swift */ = {isa = PBXFileReference; fileEncoding = 4; lastKnownFileType = sourcecode.swift; path = PlaceModels.swift; sourceTree = "<group>"; };
		BDCA3E8F290865B0006420E4 /* PhotoItem.swift */ = {isa = PBXFileReference; fileEncoding = 4; lastKnownFileType = sourcecode.swift; path = PhotoItem.swift; sourceTree = "<group>"; };
		BDCA3E9529086BDF006420E4 /* SearchCellView.swift */ = {isa = PBXFileReference; lastKnownFileType = sourcecode.swift; path = SearchCellView.swift; sourceTree = "<group>"; };
		BDE38F012909CA200098C16B /* DetailPlaceView.swift */ = {isa = PBXFileReference; lastKnownFileType = sourcecode.swift; path = DetailPlaceView.swift; sourceTree = "<group>"; };
		BDEDA70A2961EA3700D14592 /* LocationMapView.swift */ = {isa = PBXFileReference; lastKnownFileType = sourcecode.swift; path = LocationMapView.swift; sourceTree = "<group>"; };
		BDF9DE542909BF4F00E8ECE6 /* ViewExtensions.swift */ = {isa = PBXFileReference; lastKnownFileType = sourcecode.swift; path = ViewExtensions.swift; sourceTree = "<group>"; };
/* End PBXFileReference section */

/* Begin PBXFrameworksBuildPhase section */
		BDCA3E68290844DC006420E4 /* Frameworks */ = {
			isa = PBXFrameworksBuildPhase;
			buildActionMask = 2147483647;
			files = (
				BDF9DE522909B9A500E8ECE6 /* SDWebImageSwiftUI in Frameworks */,
				BDCA3E8A2908626F006420E4 /* Moya in Frameworks */,
			);
			runOnlyForDeploymentPostprocessing = 0;
		};
/* End PBXFrameworksBuildPhase section */

/* Begin PBXGroup section */
		BDA31AE329538E020069E38F /* DetalPlaceView */ = {
			isa = PBXGroup;
			children = (
				BDE38F012909CA200098C16B /* DetailPlaceView.swift */,
				BDEDA7092961E8ED00D14592 /* Subviews */,
			);
			path = DetalPlaceView;
			sourceTree = "<group>";
		};
		BDA31AE62953972B0069E38F /* GeopointView */ = {
			isa = PBXGroup;
			children = (
				BDCA3E70290844DC006420E4 /* GeopointView.swift */,
				BDEDA7082961E8D500D14592 /* Subviews */,
			);
			path = GeopointView;
			sourceTree = "<group>";
		};
		BDAA355D29563157007CD6F7 /* LocationManager */ = {
			isa = PBXGroup;
			children = (
				BDAA355B2956314D007CD6F7 /* LocationManager.swift */,
			);
			path = LocationManager;
			sourceTree = "<group>";
		};
		BDCA3E62290844DC006420E4 = {
			isa = PBXGroup;
			children = (
				BDCA3E6D290844DC006420E4 /* FoursquareAppSwiftUI */,
				BDCA3E6C290844DC006420E4 /* Products */,
			);
			sourceTree = "<group>";
		};
		BDCA3E6C290844DC006420E4 /* Products */ = {
			isa = PBXGroup;
			children = (
				BDCA3E6B290844DC006420E4 /* FoursquareAppSwiftUI.app */,
			);
			name = Products;
			sourceTree = "<group>";
		};
		BDCA3E6D290844DC006420E4 /* FoursquareAppSwiftUI */ = {
			isa = PBXGroup;
			children = (
				BDCA3E6E290844DC006420E4 /* FoursquareAppSwiftUIApp.swift */,
				BDCA3E72290844DD006420E4 /* Assets.xcassets */,
				BDAA355D29563157007CD6F7 /* LocationManager */,
				BDF9DE532909BF3400E8ECE6 /* Extensions */,
				BDCA3E7F290852A9006420E4 /* Network */,
				BDCA3E7C29085242006420E4 /* Screens */,
				BDCA3E74290844DD006420E4 /* Preview Content */,
			);
			path = FoursquareAppSwiftUI;
			sourceTree = "<group>";
		};
		BDCA3E74290844DD006420E4 /* Preview Content */ = {
			isa = PBXGroup;
			children = (
				BDCA3E75290844DD006420E4 /* Preview Assets.xcassets */,
			);
			path = "Preview Content";
			sourceTree = "<group>";
		};
		BDCA3E7C29085242006420E4 /* Screens */ = {
			isa = PBXGroup;
			children = (
				BD6940A5294E0144000AE3BB /* MainView.swift */,
				BDBB7BD1294BCCEA00515A8C /* CategoryView.swift */,
				BDAA355E295636DE007CD6F7 /* LocationRequestView.swift */,
				BDEDA70A2961EA3700D14592 /* LocationMapView.swift */,
				BDA31AE62953972B0069E38F /* GeopointView */,
				BDA31AE329538E020069E38F /* DetalPlaceView */,
			);
			path = Screens;
			sourceTree = "<group>";
		};
		BDCA3E7F290852A9006420E4 /* Network */ = {
			isa = PBXGroup;
			children = (
				BDCA3E8129085575006420E4 /* MoyaLayer */,
				BDCA3E8029085555006420E4 /* DataModels */,
				BDBB7BCD294BCC9F00515A8C /* Categories.swift */,
			);
			path = Network;
			sourceTree = "<group>";
		};
		BDCA3E8029085555006420E4 /* DataModels */ = {
			isa = PBXGroup;
			children = (
				BDCA3E8C290865B0006420E4 /* ContextModels.swift */,
				BDCA3E8F290865B0006420E4 /* PhotoItem.swift */,
				BDCA3E8E290865B0006420E4 /* PlaceModels.swift */,
				BDCA3E8B290865B0006420E4 /* placesAndNearbyModels.swift */,
				BDCA3E8D290865B0006420E4 /* TipsModels.swift */,
			);
			path = DataModels;
			sourceTree = "<group>";
		};
		BDCA3E8129085575006420E4 /* MoyaLayer */ = {
			isa = PBXGroup;
			children = (
				BDCA3E83290855DD006420E4 /* DataFetcher.swift */,
				BDCA3E85290855F3006420E4 /* FoursquareService.swift */,
			);
			path = MoyaLayer;
			sourceTree = "<group>";
		};
		BDEDA7082961E8D500D14592 /* Subviews */ = {
			isa = PBXGroup;
			children = (
				BDCA3E9529086BDF006420E4 /* SearchCellView.swift */,
				BDBB7BCB294BC43600515A8C /* CategoryPlaceMarker.swift */,
			);
			path = Subviews;
			sourceTree = "<group>";
		};
		BDEDA7092961E8ED00D14592 /* Subviews */ = {
			isa = PBXGroup;
			children = (
				BDA31AE429538E2E0069E38F /* DetailGridCell.swift */,
				BDA31AE729547F6C0069E38F /* UsersTipsView.swift */,
			);
			path = Subviews;
			sourceTree = "<group>";
		};
		BDF9DE532909BF3400E8ECE6 /* Extensions */ = {
			isa = PBXGroup;
			children = (
				BDF9DE542909BF4F00E8ECE6 /* ViewExtensions.swift */,
				BDCA2F4F2958A56600F43B4A /* Settings.swift */,
			);
			path = Extensions;
			sourceTree = "<group>";
		};
/* End PBXGroup section */

/* Begin PBXNativeTarget section */
		BDCA3E6A290844DC006420E4 /* FoursquareAppSwiftUI */ = {
			isa = PBXNativeTarget;
			buildConfigurationList = BDCA3E79290844DD006420E4 /* Build configuration list for PBXNativeTarget "FoursquareAppSwiftUI" */;
			buildPhases = (
				BDCA3E67290844DC006420E4 /* Sources */,
				BDCA3E68290844DC006420E4 /* Frameworks */,
				BDCA3E69290844DC006420E4 /* Resources */,
			);
			buildRules = (
			);
			dependencies = (
			);
			name = FoursquareAppSwiftUI;
			packageProductDependencies = (
				BDCA3E892908626F006420E4 /* Moya */,
				BDF9DE512909B9A500E8ECE6 /* SDWebImageSwiftUI */,
			);
			productName = FoursquareAppSwiftUI;
			productReference = BDCA3E6B290844DC006420E4 /* FoursquareAppSwiftUI.app */;
			productType = "com.apple.product-type.application";
		};
/* End PBXNativeTarget section */

/* Begin PBXProject section */
		BDCA3E63290844DC006420E4 /* Project object */ = {
			isa = PBXProject;
			attributes = {
				BuildIndependentTargetsInParallel = 1;
				LastSwiftUpdateCheck = 1400;
				LastUpgradeCheck = 1400;
				TargetAttributes = {
					BDCA3E6A290844DC006420E4 = {
						CreatedOnToolsVersion = 14.0;
					};
				};
			};
			buildConfigurationList = BDCA3E66290844DC006420E4 /* Build configuration list for PBXProject "FoursquareAppSwiftUI" */;
			compatibilityVersion = "Xcode 14.0";
			developmentRegion = en;
			hasScannedForEncodings = 0;
			knownRegions = (
				en,
				Base,
			);
			mainGroup = BDCA3E62290844DC006420E4;
			packageReferences = (
				BDCA3E882908626F006420E4 /* XCRemoteSwiftPackageReference "Moya" */,
				BDF9DE502909B9A500E8ECE6 /* XCRemoteSwiftPackageReference "SDWebImageSwiftUI" */,
			);
			productRefGroup = BDCA3E6C290844DC006420E4 /* Products */;
			projectDirPath = "";
			projectRoot = "";
			targets = (
				BDCA3E6A290844DC006420E4 /* FoursquareAppSwiftUI */,
			);
		};
/* End PBXProject section */

/* Begin PBXResourcesBuildPhase section */
		BDCA3E69290844DC006420E4 /* Resources */ = {
			isa = PBXResourcesBuildPhase;
			buildActionMask = 2147483647;
			files = (
				BDCA3E76290844DD006420E4 /* Preview Assets.xcassets in Resources */,
				BDCA3E73290844DD006420E4 /* Assets.xcassets in Resources */,
			);
			runOnlyForDeploymentPostprocessing = 0;
		};
/* End PBXResourcesBuildPhase section */

/* Begin PBXSourcesBuildPhase section */
		BDCA3E67290844DC006420E4 /* Sources */ = {
			isa = PBXSourcesBuildPhase;
			buildActionMask = 2147483647;
			files = (
				BDF9DE552909BF4F00E8ECE6 /* ViewExtensions.swift in Sources */,
				BDBB7BCE294BCC9F00515A8C /* Categories.swift in Sources */,
				BDCA3E71290844DC006420E4 /* GeopointView.swift in Sources */,
				BDCA3E92290865B0006420E4 /* TipsModels.swift in Sources */,
				BDBB7BCC294BC43600515A8C /* CategoryPlaceMarker.swift in Sources */,
				BDCA3E84290855DD006420E4 /* DataFetcher.swift in Sources */,
				BDCA3E90290865B0006420E4 /* placesAndNearbyModels.swift in Sources */,
				BDE38F022909CA200098C16B /* DetailPlaceView.swift in Sources */,
				BDCA3E6F290844DC006420E4 /* FoursquareAppSwiftUIApp.swift in Sources */,
				BDA31AE529538E2E0069E38F /* DetailGridCell.swift in Sources */,
				BD6940A6294E0144000AE3BB /* MainView.swift in Sources */,
				BDCA3E93290865B0006420E4 /* PlaceModels.swift in Sources */,
				BDCA3E86290855F3006420E4 /* FoursquareService.swift in Sources */,
				BDA31AE829547F6C0069E38F /* UsersTipsView.swift in Sources */,
				BDEDA70B2961EA3700D14592 /* LocationMapView.swift in Sources */,
				BDCA3E91290865B0006420E4 /* ContextModels.swift in Sources */,
				BDCA3E9629086BDF006420E4 /* SearchCellView.swift in Sources */,
				BDCA3E94290865B0006420E4 /* PhotoItem.swift in Sources */,
				BDAA355F295636DE007CD6F7 /* LocationRequestView.swift in Sources */,
				BDCA2F502958A56600F43B4A /* Settings.swift in Sources */,
				BDAA355C2956314D007CD6F7 /* LocationManager.swift in Sources */,
				BDBB7BD2294BCCEA00515A8C /* CategoryView.swift in Sources */,
			);
			runOnlyForDeploymentPostprocessing = 0;
		};
/* End PBXSourcesBuildPhase section */

/* Begin XCBuildConfiguration section */
		BDCA3E77290844DD006420E4 /* Debug */ = {
			isa = XCBuildConfiguration;
			buildSettings = {
				ALWAYS_SEARCH_USER_PATHS = NO;
				CLANG_ANALYZER_NONNULL = YES;
				CLANG_ANALYZER_NUMBER_OBJECT_CONVERSION = YES_AGGRESSIVE;
				CLANG_CXX_LANGUAGE_STANDARD = "gnu++20";
				CLANG_ENABLE_MODULES = YES;
				CLANG_ENABLE_OBJC_ARC = YES;
				CLANG_ENABLE_OBJC_WEAK = YES;
				CLANG_WARN_BLOCK_CAPTURE_AUTORELEASING = YES;
				CLANG_WARN_BOOL_CONVERSION = YES;
				CLANG_WARN_COMMA = YES;
				CLANG_WARN_CONSTANT_CONVERSION = YES;
				CLANG_WARN_DEPRECATED_OBJC_IMPLEMENTATIONS = YES;
				CLANG_WARN_DIRECT_OBJC_ISA_USAGE = YES_ERROR;
				CLANG_WARN_DOCUMENTATION_COMMENTS = YES;
				CLANG_WARN_EMPTY_BODY = YES;
				CLANG_WARN_ENUM_CONVERSION = YES;
				CLANG_WARN_INFINITE_RECURSION = YES;
				CLANG_WARN_INT_CONVERSION = YES;
				CLANG_WARN_NON_LITERAL_NULL_CONVERSION = YES;
				CLANG_WARN_OBJC_IMPLICIT_RETAIN_SELF = YES;
				CLANG_WARN_OBJC_LITERAL_CONVERSION = YES;
				CLANG_WARN_OBJC_ROOT_CLASS = YES_ERROR;
				CLANG_WARN_QUOTED_INCLUDE_IN_FRAMEWORK_HEADER = YES;
				CLANG_WARN_RANGE_LOOP_ANALYSIS = YES;
				CLANG_WARN_STRICT_PROTOTYPES = YES;
				CLANG_WARN_SUSPICIOUS_MOVE = YES;
				CLANG_WARN_UNGUARDED_AVAILABILITY = YES_AGGRESSIVE;
				CLANG_WARN_UNREACHABLE_CODE = YES;
				CLANG_WARN__DUPLICATE_METHOD_MATCH = YES;
				COPY_PHASE_STRIP = NO;
				DEBUG_INFORMATION_FORMAT = dwarf;
				ENABLE_STRICT_OBJC_MSGSEND = YES;
				ENABLE_TESTABILITY = YES;
				GCC_C_LANGUAGE_STANDARD = gnu11;
				GCC_DYNAMIC_NO_PIC = NO;
				GCC_NO_COMMON_BLOCKS = YES;
				GCC_OPTIMIZATION_LEVEL = 0;
				GCC_PREPROCESSOR_DEFINITIONS = (
					"DEBUG=1",
					"$(inherited)",
				);
				GCC_WARN_64_TO_32_BIT_CONVERSION = YES;
				GCC_WARN_ABOUT_RETURN_TYPE = YES_ERROR;
				GCC_WARN_UNDECLARED_SELECTOR = YES;
				GCC_WARN_UNINITIALIZED_AUTOS = YES_AGGRESSIVE;
				GCC_WARN_UNUSED_FUNCTION = YES;
				GCC_WARN_UNUSED_VARIABLE = YES;
				IPHONEOS_DEPLOYMENT_TARGET = 16.0;
				MTL_ENABLE_DEBUG_INFO = INCLUDE_SOURCE;
				MTL_FAST_MATH = YES;
				ONLY_ACTIVE_ARCH = YES;
				SDKROOT = iphoneos;
				SWIFT_ACTIVE_COMPILATION_CONDITIONS = DEBUG;
				SWIFT_OPTIMIZATION_LEVEL = "-Onone";
			};
			name = Debug;
		};
		BDCA3E78290844DD006420E4 /* Release */ = {
			isa = XCBuildConfiguration;
			buildSettings = {
				ALWAYS_SEARCH_USER_PATHS = NO;
				CLANG_ANALYZER_NONNULL = YES;
				CLANG_ANALYZER_NUMBER_OBJECT_CONVERSION = YES_AGGRESSIVE;
				CLANG_CXX_LANGUAGE_STANDARD = "gnu++20";
				CLANG_ENABLE_MODULES = YES;
				CLANG_ENABLE_OBJC_ARC = YES;
				CLANG_ENABLE_OBJC_WEAK = YES;
				CLANG_WARN_BLOCK_CAPTURE_AUTORELEASING = YES;
				CLANG_WARN_BOOL_CONVERSION = YES;
				CLANG_WARN_COMMA = YES;
				CLANG_WARN_CONSTANT_CONVERSION = YES;
				CLANG_WARN_DEPRECATED_OBJC_IMPLEMENTATIONS = YES;
				CLANG_WARN_DIRECT_OBJC_ISA_USAGE = YES_ERROR;
				CLANG_WARN_DOCUMENTATION_COMMENTS = YES;
				CLANG_WARN_EMPTY_BODY = YES;
				CLANG_WARN_ENUM_CONVERSION = YES;
				CLANG_WARN_INFINITE_RECURSION = YES;
				CLANG_WARN_INT_CONVERSION = YES;
				CLANG_WARN_NON_LITERAL_NULL_CONVERSION = YES;
				CLANG_WARN_OBJC_IMPLICIT_RETAIN_SELF = YES;
				CLANG_WARN_OBJC_LITERAL_CONVERSION = YES;
				CLANG_WARN_OBJC_ROOT_CLASS = YES_ERROR;
				CLANG_WARN_QUOTED_INCLUDE_IN_FRAMEWORK_HEADER = YES;
				CLANG_WARN_RANGE_LOOP_ANALYSIS = YES;
				CLANG_WARN_STRICT_PROTOTYPES = YES;
				CLANG_WARN_SUSPICIOUS_MOVE = YES;
				CLANG_WARN_UNGUARDED_AVAILABILITY = YES_AGGRESSIVE;
				CLANG_WARN_UNREACHABLE_CODE = YES;
				CLANG_WARN__DUPLICATE_METHOD_MATCH = YES;
				COPY_PHASE_STRIP = NO;
				DEBUG_INFORMATION_FORMAT = "dwarf-with-dsym";
				ENABLE_NS_ASSERTIONS = NO;
				ENABLE_STRICT_OBJC_MSGSEND = YES;
				GCC_C_LANGUAGE_STANDARD = gnu11;
				GCC_NO_COMMON_BLOCKS = YES;
				GCC_WARN_64_TO_32_BIT_CONVERSION = YES;
				GCC_WARN_ABOUT_RETURN_TYPE = YES_ERROR;
				GCC_WARN_UNDECLARED_SELECTOR = YES;
				GCC_WARN_UNINITIALIZED_AUTOS = YES_AGGRESSIVE;
				GCC_WARN_UNUSED_FUNCTION = YES;
				GCC_WARN_UNUSED_VARIABLE = YES;
				IPHONEOS_DEPLOYMENT_TARGET = 16.0;
				MTL_ENABLE_DEBUG_INFO = NO;
				MTL_FAST_MATH = YES;
				SDKROOT = iphoneos;
				SWIFT_COMPILATION_MODE = wholemodule;
				SWIFT_OPTIMIZATION_LEVEL = "-O";
				VALIDATE_PRODUCT = YES;
			};
			name = Release;
		};
		BDCA3E7A290844DD006420E4 /* Debug */ = {
			isa = XCBuildConfiguration;
			buildSettings = {
				ASSETCATALOG_COMPILER_APPICON_NAME = AppIcon;
				ASSETCATALOG_COMPILER_GLOBAL_ACCENT_COLOR_NAME = AccentColor;
				CODE_SIGN_STYLE = Automatic;
				CURRENT_PROJECT_VERSION = 1;
				DEVELOPMENT_ASSET_PATHS = "\"FoursquareAppSwiftUI/Preview Content\"";
				DEVELOPMENT_TEAM = YPXDVQFQ53;
				ENABLE_PREVIEWS = YES;
				GENERATE_INFOPLIST_FILE = YES;
				INFOPLIST_KEY_NSLocationWhenInUseUsageDescription = "Please allow to use your current location";
				INFOPLIST_KEY_UIApplicationSceneManifest_Generation = YES;
				INFOPLIST_KEY_UIApplicationSupportsIndirectInputEvents = YES;
				INFOPLIST_KEY_UILaunchScreen_Generation = YES;
				INFOPLIST_KEY_UISupportedInterfaceOrientations_iPad = "UIInterfaceOrientationPortrait UIInterfaceOrientationPortraitUpsideDown UIInterfaceOrientationLandscapeLeft UIInterfaceOrientationLandscapeRight";
				INFOPLIST_KEY_UISupportedInterfaceOrientations_iPhone = "UIInterfaceOrientationPortrait UIInterfaceOrientationLandscapeLeft UIInterfaceOrientationLandscapeRight";
				LD_RUNPATH_SEARCH_PATHS = (
					"$(inherited)",
					"@executable_path/Frameworks",
				);
				MARKETING_VERSION = 1.0;
				PRODUCT_BUNDLE_IDENTIFIER = fedii.ihor.FoursquareAppSwiftUI;
				PRODUCT_NAME = "$(TARGET_NAME)";
				SWIFT_EMIT_LOC_STRINGS = YES;
				SWIFT_VERSION = 5.0;
				TARGETED_DEVICE_FAMILY = "1,2";
			};
			name = Debug;
		};
		BDCA3E7B290844DD006420E4 /* Release */ = {
			isa = XCBuildConfiguration;
			buildSettings = {
				ASSETCATALOG_COMPILER_APPICON_NAME = AppIcon;
				ASSETCATALOG_COMPILER_GLOBAL_ACCENT_COLOR_NAME = AccentColor;
				CODE_SIGN_STYLE = Automatic;
				CURRENT_PROJECT_VERSION = 1;
				DEVELOPMENT_ASSET_PATHS = "\"FoursquareAppSwiftUI/Preview Content\"";
				DEVELOPMENT_TEAM = YPXDVQFQ53;
				ENABLE_PREVIEWS = YES;
				GENERATE_INFOPLIST_FILE = YES;
				INFOPLIST_KEY_NSLocationWhenInUseUsageDescription = "Please allow to use your current location";
				INFOPLIST_KEY_UIApplicationSceneManifest_Generation = YES;
				INFOPLIST_KEY_UIApplicationSupportsIndirectInputEvents = YES;
				INFOPLIST_KEY_UILaunchScreen_Generation = YES;
				INFOPLIST_KEY_UISupportedInterfaceOrientations_iPad = "UIInterfaceOrientationPortrait UIInterfaceOrientationPortraitUpsideDown UIInterfaceOrientationLandscapeLeft UIInterfaceOrientationLandscapeRight";
				INFOPLIST_KEY_UISupportedInterfaceOrientations_iPhone = "UIInterfaceOrientationPortrait UIInterfaceOrientationLandscapeLeft UIInterfaceOrientationLandscapeRight";
				LD_RUNPATH_SEARCH_PATHS = (
					"$(inherited)",
					"@executable_path/Frameworks",
				);
				MARKETING_VERSION = 1.0;
				PRODUCT_BUNDLE_IDENTIFIER = fedii.ihor.FoursquareAppSwiftUI;
				PRODUCT_NAME = "$(TARGET_NAME)";
				SWIFT_EMIT_LOC_STRINGS = YES;
				SWIFT_VERSION = 5.0;
				TARGETED_DEVICE_FAMILY = "1,2";
			};
			name = Release;
		};
/* End XCBuildConfiguration section */

/* Begin XCConfigurationList section */
		BDCA3E66290844DC006420E4 /* Build configuration list for PBXProject "FoursquareAppSwiftUI" */ = {
			isa = XCConfigurationList;
			buildConfigurations = (
				BDCA3E77290844DD006420E4 /* Debug */,
				BDCA3E78290844DD006420E4 /* Release */,
			);
			defaultConfigurationIsVisible = 0;
			defaultConfigurationName = Release;
		};
		BDCA3E79290844DD006420E4 /* Build configuration list for PBXNativeTarget "FoursquareAppSwiftUI" */ = {
			isa = XCConfigurationList;
			buildConfigurations = (
				BDCA3E7A290844DD006420E4 /* Debug */,
				BDCA3E7B290844DD006420E4 /* Release */,
			);
			defaultConfigurationIsVisible = 0;
			defaultConfigurationName = Release;
		};
/* End XCConfigurationList section */

/* Begin XCRemoteSwiftPackageReference section */
		BDCA3E882908626F006420E4 /* XCRemoteSwiftPackageReference "Moya" */ = {
			isa = XCRemoteSwiftPackageReference;
			repositoryURL = "https://github.com/Moya/Moya.git";
			requirement = {
				branch = master;
				kind = branch;
			};
		};
		BDF9DE502909B9A500E8ECE6 /* XCRemoteSwiftPackageReference "SDWebImageSwiftUI" */ = {
			isa = XCRemoteSwiftPackageReference;
			repositoryURL = "https://github.com/SDWebImage/SDWebImageSwiftUI.git";
			requirement = {
				kind = upToNextMajorVersion;
				minimumVersion = 2.0.0;
			};
		};
/* End XCRemoteSwiftPackageReference section */

/* Begin XCSwiftPackageProductDependency section */
		BDCA3E892908626F006420E4 /* Moya */ = {
			isa = XCSwiftPackageProductDependency;
			package = BDCA3E882908626F006420E4 /* XCRemoteSwiftPackageReference "Moya" */;
			productName = Moya;
		};
		BDF9DE512909B9A500E8ECE6 /* SDWebImageSwiftUI */ = {
			isa = XCSwiftPackageProductDependency;
			package = BDF9DE502909B9A500E8ECE6 /* XCRemoteSwiftPackageReference "SDWebImageSwiftUI" */;
			productName = SDWebImageSwiftUI;
		};
/* End XCSwiftPackageProductDependency section */
	};
	rootObject = BDCA3E63290844DC006420E4 /* Project object */;
}
