// !$*UTF8*$!
{
	archiveVersion = 1;
	classes = {
	};
	objectVersion = 56;
	objects = {

/* Begin PBXBuildFile section */
		883F7AD32E69A50F00834D75 /* SDWebImageSwiftUI in Frameworks */ = {isa = PBXBuildFile; productRef = 883F7AD22E69A50F00834D75 /* SDWebImageSwiftUI */; };
		883F7AD62E69A52A00834D75 /* RealmSwift in Frameworks */ = {isa = PBXBuildFile; productRef = 883F7AD52E69A52A00834D75 /* RealmSwift */; };
		883F7AD92E69A54700834D75 /* CombineMoya in Frameworks */ = {isa = PBXBuildFile; productRef = 883F7AD82E69A54700834D75 /* CombineMoya */; };
		883F7ADB2E69A54700834D75 /* Moya in Frameworks */ = {isa = PBXBuildFile; productRef = 883F7ADA2E69A54700834D75 /* Moya */; };
		883F7ADD2E69A54700834D75 /* ReactiveMoya in Frameworks */ = {isa = PBXBuildFile; productRef = 883F7ADC2E69A54700834D75 /* ReactiveMoya */; };
		883F7ADF2E69A54700834D75 /* RxMoya in Frameworks */ = {isa = PBXBuildFile; productRef = 883F7ADE2E69A54700834D75 /* RxMoya */; };
		884ABF9A2E60C8EB00177A6C /* LocationModels.swift in Sources */ = {isa = PBXBuildFile; fileRef = 884ABF992E60C8EB00177A6C /* LocationModels.swift */; };
		884ABFA82E60DB4F00177A6C /* OpenWeaterModels.swift in Sources */ = {isa = PBXBuildFile; fileRef = 884ABFA72E60DB4000177A6C /* OpenWeaterModels.swift */; };
		884ABFAA2E60DBF600177A6C /* OpenWeatherService.swift in Sources */ = {isa = PBXBuildFile; fileRef = 884ABFA92E60DBE600177A6C /* OpenWeatherService.swift */; };
		8853A5932E5A0ED500B5AECF /* StartListView.swift in Sources */ = {isa = PBXBuildFile; fileRef = 8853A5922E5A0ED500B5AECF /* StartListView.swift */; };
		8853A5952E5A63A300B5AECF /* StringExtensions.swift in Sources */ = {isa = PBXBuildFile; fileRef = 8853A5942E5A639500B5AECF /* StringExtensions.swift */; };
		886AAC662E57421800EDBFBF /* LoadingView.swift in Sources */ = {isa = PBXBuildFile; fileRef = 886AAC652E57421100EDBFBF /* LoadingView.swift */; };
		887918C52E647AF000DC7EF4 /* searchCityesresult.json in Resources */ = {isa = PBXBuildFile; fileRef = 887918C42E647AF000DC7EF4 /* searchCityesresult.json */; };
		887918C82E6485C500DC7EF4 /* RealmModels.swift in Sources */ = {isa = PBXBuildFile; fileRef = 887918C72E6485C500DC7EF4 /* RealmModels.swift */; };
		887918D12E64905100DC7EF4 /* CitySeeder.swift in Sources */ = {isa = PBXBuildFile; fileRef = 887918D02E64905100DC7EF4 /* CitySeeder.swift */; };
		888A38862E5C8BE100BD5F27 /* FullScreenPhotoCarouselView.swift in Sources */ = {isa = PBXBuildFile; fileRef = 888A38852E5C8BD600BD5F27 /* FullScreenPhotoCarouselView.swift */; };
		888A38992E5CB4BD00BD5F27 /* Photos.json in Resources */ = {isa = PBXBuildFile; fileRef = 888A38952E5CB4BC00BD5F27 /* Photos.json */; };
		888A389A2E5CB4BD00BD5F27 /* Error.json in Resources */ = {isa = PBXBuildFile; fileRef = 888A38962E5CB4BC00BD5F27 /* Error.json */; };
		888A389B2E5CB4BD00BD5F27 /* Tips.json in Resources */ = {isa = PBXBuildFile; fileRef = 888A38972E5CB4BC00BD5F27 /* Tips.json */; };
		888A389C2E5CB4BD00BD5F27 /* Places.json in Resources */ = {isa = PBXBuildFile; fileRef = 888A38932E5CB4BC00BD5F27 /* Places.json */; };
		888A389D2E5CB4BD00BD5F27 /* Placesnearby.json in Resources */ = {isa = PBXBuildFile; fileRef = 888A38942E5CB4BC00BD5F27 /* Placesnearby.json */; };
		888A389E2E5CB4BD00BD5F27 /* Place.json in Resources */ = {isa = PBXBuildFile; fileRef = 888A38922E5CB4BC00BD5F27 /* Place.json */; };
		88A36E382E6B167800D0583E /* EquitableLocation.swift in Sources */ = {isa = PBXBuildFile; fileRef = 88A36E372E6B166200D0583E /* EquitableLocation.swift */; };
		88AF04A22E59CD9D00F18BAD /* ZoomPhotoView.swift in Sources */ = {isa = PBXBuildFile; fileRef = 88AF04A12E59CD8B00F18BAD /* ZoomPhotoView.swift */; };
		88DEBC7B2E51ED5A005C1908 /* NetworkProvider.swift in Sources */ = {isa = PBXBuildFile; fileRef = 88DEBC7A2E51ED49005C1908 /* NetworkProvider.swift */; };
		88DEBC7D2E51EF50005C1908 /* PlacesDataSource.swift in Sources */ = {isa = PBXBuildFile; fileRef = 88DEBC7C2E51EF46005C1908 /* PlacesDataSource.swift */; };
		88EC68652E6597A30094D0F9 /* Protocols.swift in Sources */ = {isa = PBXBuildFile; fileRef = 88EC68642E6597960094D0F9 /* Protocols.swift */; };
		88EC68682E65C7A90094D0F9 /* CitySearchResultView.swift in Sources */ = {isa = PBXBuildFile; fileRef = 88EC68672E65C7A90094D0F9 /* CitySearchResultView.swift */; };
		BD6940A6294E0144000AE3BB /* DiscoveryView.swift in Sources */ = {isa = PBXBuildFile; fileRef = BD6940A5294E0144000AE3BB /* DiscoveryView.swift */; };
		BDA31AE529538E2E0069E38F /* DetailGridCell.swift in Sources */ = {isa = PBXBuildFile; fileRef = BDA31AE429538E2E0069E38F /* DetailGridCell.swift */; };
		BDA31AE829547F6C0069E38F /* UsersTipsView.swift in Sources */ = {isa = PBXBuildFile; fileRef = BDA31AE729547F6C0069E38F /* UsersTipsView.swift */; };
		BDAA355C2956314D007CD6F7 /* LocationManager.swift in Sources */ = {isa = PBXBuildFile; fileRef = BDAA355B2956314D007CD6F7 /* LocationManager.swift */; };
		BDAA355F295636DE007CD6F7 /* LocationRequestView.swift in Sources */ = {isa = PBXBuildFile; fileRef = BDAA355E295636DE007CD6F7 /* LocationRequestView.swift */; };
		BDBB7BCC294BC43600515A8C /* CategoryPlaceImage.swift in Sources */ = {isa = PBXBuildFile; fileRef = BDBB7BCB294BC43600515A8C /* CategoryPlaceImage.swift */; };
		BDBB7BCE294BCC9F00515A8C /* Categories.swift in Sources */ = {isa = PBXBuildFile; fileRef = BDBB7BCD294BCC9F00515A8C /* Categories.swift */; };
		BDBB7BD2294BCCEA00515A8C /* CategoryView.swift in Sources */ = {isa = PBXBuildFile; fileRef = BDBB7BD1294BCCEA00515A8C /* CategoryView.swift */; };
		BDCA2F502958A56600F43B4A /* Settings.swift in Sources */ = {isa = PBXBuildFile; fileRef = BDCA2F4F2958A56600F43B4A /* Settings.swift */; };
		BDCA3E6F290844DC006420E4 /* FoursquareAppSwiftUIApp.swift in Sources */ = {isa = PBXBuildFile; fileRef = BDCA3E6E290844DC006420E4 /* FoursquareAppSwiftUIApp.swift */; };
		BDCA3E71290844DC006420E4 /* GeoPositionView.swift in Sources */ = {isa = PBXBuildFile; fileRef = BDCA3E70290844DC006420E4 /* GeoPositionView.swift */; };
		BDCA3E73290844DD006420E4 /* Assets.xcassets in Resources */ = {isa = PBXBuildFile; fileRef = BDCA3E72290844DD006420E4 /* Assets.xcassets */; };
		BDCA3E76290844DD006420E4 /* Preview Assets.xcassets in Resources */ = {isa = PBXBuildFile; fileRef = BDCA3E75290844DD006420E4 /* Preview Assets.xcassets */; };
		BDCA3E86290855F3006420E4 /* FoursquareService.swift in Sources */ = {isa = PBXBuildFile; fileRef = BDCA3E85290855F3006420E4 /* FoursquareService.swift */; };
		BDCA3E90290865B0006420E4 /* placesAndNearbyModels.swift in Sources */ = {isa = PBXBuildFile; fileRef = BDCA3E8B290865B0006420E4 /* placesAndNearbyModels.swift */; };
		BDCA3E91290865B0006420E4 /* ContextModels.swift in Sources */ = {isa = PBXBuildFile; fileRef = BDCA3E8C290865B0006420E4 /* ContextModels.swift */; };
		BDCA3E92290865B0006420E4 /* TipsModels.swift in Sources */ = {isa = PBXBuildFile; fileRef = BDCA3E8D290865B0006420E4 /* TipsModels.swift */; };
		BDCA3E93290865B0006420E4 /* PlaceModels.swift in Sources */ = {isa = PBXBuildFile; fileRef = BDCA3E8E290865B0006420E4 /* PlaceModels.swift */; };
		BDCA3E94290865B0006420E4 /* PhotoItem.swift in Sources */ = {isa = PBXBuildFile; fileRef = BDCA3E8F290865B0006420E4 /* PhotoItem.swift */; };
		BDCA3E9629086BDF006420E4 /* SearchRow.swift in Sources */ = {isa = PBXBuildFile; fileRef = BDCA3E9529086BDF006420E4 /* SearchRow.swift */; };
		BDE38F022909CA200098C16B /* DetailPlaceView.swift in Sources */ = {isa = PBXBuildFile; fileRef = BDE38F012909CA200098C16B /* DetailPlaceView.swift */; };
		BDEDA70B2961EA3700D14592 /* LocationMapView.swift in Sources */ = {isa = PBXBuildFile; fileRef = BDEDA70A2961EA3700D14592 /* LocationMapView.swift */; };
		BDF9DE552909BF4F00E8ECE6 /* ViewExtensions.swift in Sources */ = {isa = PBXBuildFile; fileRef = BDF9DE542909BF4F00E8ECE6 /* ViewExtensions.swift */; };
/* End PBXBuildFile section */

/* Begin PBXFileReference section */
		884ABF992E60C8EB00177A6C /* LocationModels.swift */ = {isa = PBXFileReference; lastKnownFileType = sourcecode.swift; path = LocationModels.swift; sourceTree = "<group>"; };
		884ABFA72E60DB4000177A6C /* OpenWeaterModels.swift */ = {isa = PBXFileReference; lastKnownFileType = sourcecode.swift; path = OpenWeaterModels.swift; sourceTree = "<group>"; };
		884ABFA92E60DBE600177A6C /* OpenWeatherService.swift */ = {isa = PBXFileReference; lastKnownFileType = sourcecode.swift; path = OpenWeatherService.swift; sourceTree = "<group>"; };
		8853A5922E5A0ED500B5AECF /* StartListView.swift */ = {isa = PBXFileReference; lastKnownFileType = sourcecode.swift; path = StartListView.swift; sourceTree = "<group>"; };
		8853A5942E5A639500B5AECF /* StringExtensions.swift */ = {isa = PBXFileReference; lastKnownFileType = sourcecode.swift; path = StringExtensions.swift; sourceTree = "<group>"; };
		886AAC652E57421100EDBFBF /* LoadingView.swift */ = {isa = PBXFileReference; lastKnownFileType = sourcecode.swift; path = LoadingView.swift; sourceTree = "<group>"; };
		887918C42E647AF000DC7EF4 /* searchCityesresult.json */ = {isa = PBXFileReference; lastKnownFileType = text.json; path = searchCityesresult.json; sourceTree = "<group>"; };
		887918C72E6485C500DC7EF4 /* RealmModels.swift */ = {isa = PBXFileReference; lastKnownFileType = sourcecode.swift; path = RealmModels.swift; sourceTree = "<group>"; };
		887918D02E64905100DC7EF4 /* CitySeeder.swift */ = {isa = PBXFileReference; lastKnownFileType = sourcecode.swift; path = CitySeeder.swift; sourceTree = "<group>"; };
		888A38852E5C8BD600BD5F27 /* FullScreenPhotoCarouselView.swift */ = {isa = PBXFileReference; lastKnownFileType = sourcecode.swift; path = FullScreenPhotoCarouselView.swift; sourceTree = "<group>"; };
		888A38922E5CB4BC00BD5F27 /* Place.json */ = {isa = PBXFileReference; lastKnownFileType = text.json; path = Place.json; sourceTree = "<group>"; };
		888A38932E5CB4BC00BD5F27 /* Places.json */ = {isa = PBXFileReference; lastKnownFileType = text.json; path = Places.json; sourceTree = "<group>"; };
		888A38942E5CB4BC00BD5F27 /* Placesnearby.json */ = {isa = PBXFileReference; lastKnownFileType = text.json; path = Placesnearby.json; sourceTree = "<group>"; };
		888A38952E5CB4BC00BD5F27 /* Photos.json */ = {isa = PBXFileReference; lastKnownFileType = text.json; path = Photos.json; sourceTree = "<group>"; };
		888A38962E5CB4BC00BD5F27 /* Error.json */ = {isa = PBXFileReference; lastKnownFileType = text.json; path = Error.json; sourceTree = "<group>"; };
		888A38972E5CB4BC00BD5F27 /* Tips.json */ = {isa = PBXFileReference; lastKnownFileType = text.json; path = Tips.json; sourceTree = "<group>"; };
		88A36E372E6B166200D0583E /* EquitableLocation.swift */ = {isa = PBXFileReference; lastKnownFileType = sourcecode.swift; path = EquitableLocation.swift; sourceTree = "<group>"; };
		88AF04A12E59CD8B00F18BAD /* ZoomPhotoView.swift */ = {isa = PBXFileReference; lastKnownFileType = sourcecode.swift; path = ZoomPhotoView.swift; sourceTree = "<group>"; };
		88DEBC7A2E51ED49005C1908 /* NetworkProvider.swift */ = {isa = PBXFileReference; lastKnownFileType = sourcecode.swift; path = NetworkProvider.swift; sourceTree = "<group>"; };
		88DEBC7C2E51EF46005C1908 /* PlacesDataSource.swift */ = {isa = PBXFileReference; lastKnownFileType = sourcecode.swift; path = PlacesDataSource.swift; sourceTree = "<group>"; };
		88EC68642E6597960094D0F9 /* Protocols.swift */ = {isa = PBXFileReference; lastKnownFileType = sourcecode.swift; path = Protocols.swift; sourceTree = "<group>"; };
		88EC68672E65C7A90094D0F9 /* CitySearchResultView.swift */ = {isa = PBXFileReference; lastKnownFileType = sourcecode.swift; path = CitySearchResultView.swift; sourceTree = "<group>"; };
		BD6940A5294E0144000AE3BB /* DiscoveryView.swift */ = {isa = PBXFileReference; lastKnownFileType = sourcecode.swift; path = DiscoveryView.swift; sourceTree = "<group>"; };
		BDA31AE429538E2E0069E38F /* DetailGridCell.swift */ = {isa = PBXFileReference; lastKnownFileType = sourcecode.swift; path = DetailGridCell.swift; sourceTree = "<group>"; };
		BDA31AE729547F6C0069E38F /* UsersTipsView.swift */ = {isa = PBXFileReference; lastKnownFileType = sourcecode.swift; path = UsersTipsView.swift; sourceTree = "<group>"; };
		BDAA355B2956314D007CD6F7 /* LocationManager.swift */ = {isa = PBXFileReference; lastKnownFileType = sourcecode.swift; path = LocationManager.swift; sourceTree = "<group>"; };
		BDAA355E295636DE007CD6F7 /* LocationRequestView.swift */ = {isa = PBXFileReference; lastKnownFileType = sourcecode.swift; path = LocationRequestView.swift; sourceTree = "<group>"; };
		BDBB7BCB294BC43600515A8C /* CategoryPlaceImage.swift */ = {isa = PBXFileReference; lastKnownFileType = sourcecode.swift; path = CategoryPlaceImage.swift; sourceTree = "<group>"; };
		BDBB7BCD294BCC9F00515A8C /* Categories.swift */ = {isa = PBXFileReference; lastKnownFileType = sourcecode.swift; path = Categories.swift; sourceTree = "<group>"; };
		BDBB7BD1294BCCEA00515A8C /* CategoryView.swift */ = {isa = PBXFileReference; lastKnownFileType = sourcecode.swift; path = CategoryView.swift; sourceTree = "<group>"; };
		BDCA2F4F2958A56600F43B4A /* Settings.swift */ = {isa = PBXFileReference; lastKnownFileType = sourcecode.swift; path = Settings.swift; sourceTree = "<group>"; };
		BDCA3E6B290844DC006420E4 /* FoursquareAppSwiftUI.app */ = {isa = PBXFileReference; explicitFileType = wrapper.application; includeInIndex = 0; path = FoursquareAppSwiftUI.app; sourceTree = BUILT_PRODUCTS_DIR; };
		BDCA3E6E290844DC006420E4 /* FoursquareAppSwiftUIApp.swift */ = {isa = PBXFileReference; lastKnownFileType = sourcecode.swift; path = FoursquareAppSwiftUIApp.swift; sourceTree = "<group>"; };
		BDCA3E70290844DC006420E4 /* GeoPositionView.swift */ = {isa = PBXFileReference; lastKnownFileType = sourcecode.swift; path = GeoPositionView.swift; sourceTree = "<group>"; };
		BDCA3E72290844DD006420E4 /* Assets.xcassets */ = {isa = PBXFileReference; lastKnownFileType = folder.assetcatalog; path = Assets.xcassets; sourceTree = "<group>"; };
		BDCA3E75290844DD006420E4 /* Preview Assets.xcassets */ = {isa = PBXFileReference; lastKnownFileType = folder.assetcatalog; path = "Preview Assets.xcassets"; sourceTree = "<group>"; };
		BDCA3E85290855F3006420E4 /* FoursquareService.swift */ = {isa = PBXFileReference; lastKnownFileType = sourcecode.swift; path = FoursquareService.swift; sourceTree = "<group>"; };
		BDCA3E8B290865B0006420E4 /* placesAndNearbyModels.swift */ = {isa = PBXFileReference; fileEncoding = 4; lastKnownFileType = sourcecode.swift; path = placesAndNearbyModels.swift; sourceTree = "<group>"; };
		BDCA3E8C290865B0006420E4 /* ContextModels.swift */ = {isa = PBXFileReference; fileEncoding = 4; lastKnownFileType = sourcecode.swift; path = ContextModels.swift; sourceTree = "<group>"; };
		BDCA3E8D290865B0006420E4 /* TipsModels.swift */ = {isa = PBXFileReference; fileEncoding = 4; lastKnownFileType = sourcecode.swift; path = TipsModels.swift; sourceTree = "<group>"; };
		BDCA3E8E290865B0006420E4 /* PlaceModels.swift */ = {isa = PBXFileReference; fileEncoding = 4; lastKnownFileType = sourcecode.swift; path = PlaceModels.swift; sourceTree = "<group>"; };
		BDCA3E8F290865B0006420E4 /* PhotoItem.swift */ = {isa = PBXFileReference; fileEncoding = 4; lastKnownFileType = sourcecode.swift; path = PhotoItem.swift; sourceTree = "<group>"; };
		BDCA3E9529086BDF006420E4 /* SearchRow.swift */ = {isa = PBXFileReference; lastKnownFileType = sourcecode.swift; path = SearchRow.swift; sourceTree = "<group>"; };
		BDE38F012909CA200098C16B /* DetailPlaceView.swift */ = {isa = PBXFileReference; lastKnownFileType = sourcecode.swift; path = DetailPlaceView.swift; sourceTree = "<group>"; };
		BDEDA70A2961EA3700D14592 /* LocationMapView.swift */ = {isa = PBXFileReference; lastKnownFileType = sourcecode.swift; path = LocationMapView.swift; sourceTree = "<group>"; };
		BDF9DE542909BF4F00E8ECE6 /* ViewExtensions.swift */ = {isa = PBXFileReference; lastKnownFileType = sourcecode.swift; path = ViewExtensions.swift; sourceTree = "<group>"; };
/* End PBXFileReference section */

/* Begin PBXFrameworksBuildPhase section */
		BDCA3E68290844DC006420E4 /* Frameworks */ = {
			isa = PBXFrameworksBuildPhase;
			buildActionMask = 2147483647;
			files = (
				883F7ADF2E69A54700834D75 /* RxMoya in Frameworks */,
				883F7AD62E69A52A00834D75 /* RealmSwift in Frameworks */,
				883F7AD32E69A50F00834D75 /* SDWebImageSwiftUI in Frameworks */,
				883F7ADB2E69A54700834D75 /* Moya in Frameworks */,
				883F7ADD2E69A54700834D75 /* ReactiveMoya in Frameworks */,
				883F7AD92E69A54700834D75 /* CombineMoya in Frameworks */,
			);
			runOnlyForDeploymentPostprocessing = 0;
		};
/* End PBXFrameworksBuildPhase section */

/* Begin PBXGroup section */
		884ABFA62E60DB1E00177A6C /* OpenWeatherDataModels */ = {
			isa = PBXGroup;
			children = (
				887918C32E6478F900DC7EF4 /* Jsons */,
				884ABFA72E60DB4000177A6C /* OpenWeaterModels.swift */,
			);
			path = OpenWeatherDataModels;
			sourceTree = "<group>";
		};
		884ABFAB2E60DDAF00177A6C /* MoyaServices */ = {
			isa = PBXGroup;
			children = (
				BDCA3E85290855F3006420E4 /* FoursquareService.swift */,
				884ABFA92E60DBE600177A6C /* OpenWeatherService.swift */,
			);
			path = MoyaServices;
			sourceTree = "<group>";
		};
		8853A58F2E5A0EA500B5AECF /* StartListView */ = {
			isa = PBXGroup;
			children = (
				8853A5922E5A0ED500B5AECF /* StartListView.swift */,
			);
			path = StartListView;
			sourceTree = "<group>";
		};
		886AAC642E5741FF00EDBFBF /* LoadingView */ = {
			isa = PBXGroup;
			children = (
				886AAC652E57421100EDBFBF /* LoadingView.swift */,
			);
			path = LoadingView;
			sourceTree = "<group>";
		};
		887080AD2E566C5700C2DB74 /* ZoomPhotoView */ = {
			isa = PBXGroup;
			children = (
				88AF04A12E59CD8B00F18BAD /* ZoomPhotoView.swift */,
			);
			path = ZoomPhotoView;
			sourceTree = "<group>";
		};
		887918C32E6478F900DC7EF4 /* Jsons */ = {
			isa = PBXGroup;
			children = (
				887918C42E647AF000DC7EF4 /* searchCityesresult.json */,
			);
			path = Jsons;
			sourceTree = "<group>";
		};
		887918C62E64859C00DC7EF4 /* persistant */ = {
			isa = PBXGroup;
			children = (
				887918C72E6485C500DC7EF4 /* RealmModels.swift */,
				887918D02E64905100DC7EF4 /* CitySeeder.swift */,
			);
			path = persistant;
			sourceTree = "<group>";
		};
		8884970B2E5511A80019FBC7 /* CategoryView */ = {
			isa = PBXGroup;
			children = (
				BDBB7BD1294BCCEA00515A8C /* CategoryView.swift */,
				BDBB7BCD294BCC9F00515A8C /* Categories.swift */,
			);
			path = CategoryView;
			sourceTree = "<group>";
		};
		8884970C2E5515910019FBC7 /* MainView */ = {
			isa = PBXGroup;
			children = (
				BD6940A5294E0144000AE3BB /* DiscoveryView.swift */,
			);
			path = MainView;
			sourceTree = "<group>";
		};
		8884970D2E5515AD0019FBC7 /* locationrequestView */ = {
			isa = PBXGroup;
			children = (
				BDAA355E295636DE007CD6F7 /* LocationRequestView.swift */,
			);
			path = locationrequestView;
			sourceTree = "<group>";
		};
		8884970E2E5515C60019FBC7 /* LocationmapView */ = {
			isa = PBXGroup;
			children = (
				88A36E372E6B166200D0583E /* EquitableLocation.swift */,
				BDEDA70A2961EA3700D14592 /* LocationMapView.swift */,
			);
			path = LocationmapView;
			sourceTree = "<group>";
		};
		888A38842E5C8BBB00BD5F27 /* CarouselView */ = {
			isa = PBXGroup;
			children = (
				888A38852E5C8BD600BD5F27 /* FullScreenPhotoCarouselView.swift */,
			);
			path = CarouselView;
			sourceTree = "<group>";
		};
		888A38982E5CB4BC00BD5F27 /* Jsons */ = {
			isa = PBXGroup;
			children = (
				888A38922E5CB4BC00BD5F27 /* Place.json */,
				888A38932E5CB4BC00BD5F27 /* Places.json */,
				888A38942E5CB4BC00BD5F27 /* Placesnearby.json */,
				888A38952E5CB4BC00BD5F27 /* Photos.json */,
				888A38962E5CB4BC00BD5F27 /* Error.json */,
				888A38972E5CB4BC00BD5F27 /* Tips.json */,
			);
			path = Jsons;
			sourceTree = "<group>";
		};
		88C706602E525831005D21E5 /* TipsView */ = {
			isa = PBXGroup;
			children = (
				BDA31AE729547F6C0069E38F /* UsersTipsView.swift */,
			);
			path = TipsView;
			sourceTree = "<group>";
		};
		88EC68662E65C76F0094D0F9 /* ShowCitySearchResultView */ = {
			isa = PBXGroup;
			children = (
				88EC68672E65C7A90094D0F9 /* CitySearchResultView.swift */,
			);
			path = ShowCitySearchResultView;
			sourceTree = "<group>";
		};
		BDA31AE329538E020069E38F /* DetalPlaceView */ = {
			isa = PBXGroup;
			children = (
				BDE38F012909CA200098C16B /* DetailPlaceView.swift */,
				BDEDA7092961E8ED00D14592 /* Subviews */,
			);
			path = DetalPlaceView;
			sourceTree = "<group>";
		};
		BDA31AE62953972B0069E38F /* GeopositionView */ = {
			isa = PBXGroup;
			children = (
				BDCA3E70290844DC006420E4 /* GeoPositionView.swift */,
				BDEDA7082961E8D500D14592 /* Subviews */,
			);
			path = GeopositionView;
			sourceTree = "<group>";
		};
		BDAA355D29563157007CD6F7 /* LocationManager */ = {
			isa = PBXGroup;
			children = (
				BDAA355B2956314D007CD6F7 /* LocationManager.swift */,
				884ABF992E60C8EB00177A6C /* LocationModels.swift */,
			);
			path = LocationManager;
			sourceTree = "<group>";
		};
		BDCA3E62290844DC006420E4 = {
			isa = PBXGroup;
			children = (
				BDCA3E6D290844DC006420E4 /* FoursquareAppSwiftUI */,
				BDCA3E6C290844DC006420E4 /* Products */,
			);
			sourceTree = "<group>";
		};
		BDCA3E6C290844DC006420E4 /* Products */ = {
			isa = PBXGroup;
			children = (
				BDCA3E6B290844DC006420E4 /* FoursquareAppSwiftUI.app */,
			);
			name = Products;
			sourceTree = "<group>";
		};
		BDCA3E6D290844DC006420E4 /* FoursquareAppSwiftUI */ = {
			isa = PBXGroup;
			children = (
				BDCA3E6E290844DC006420E4 /* FoursquareAppSwiftUIApp.swift */,
				BDCA3E72290844DD006420E4 /* Assets.xcassets */,
				887918C62E64859C00DC7EF4 /* persistant */,
				BDAA355D29563157007CD6F7 /* LocationManager */,
				BDF9DE532909BF3400E8ECE6 /* Extensions */,
				BDCA3E7F290852A9006420E4 /* Network */,
				BDCA3E7C29085242006420E4 /* Screens */,
				BDCA3E74290844DD006420E4 /* Preview Content */,
			);
			path = FoursquareAppSwiftUI;
			sourceTree = "<group>";
		};
		BDCA3E74290844DD006420E4 /* Preview Content */ = {
			isa = PBXGroup;
			children = (
				BDCA3E75290844DD006420E4 /* Preview Assets.xcassets */,
			);
			path = "Preview Content";
			sourceTree = "<group>";
		};
		BDCA3E7C29085242006420E4 /* Screens */ = {
			isa = PBXGroup;
			children = (
				8853A58F2E5A0EA500B5AECF /* StartListView */,
				88EC68662E65C76F0094D0F9 /* ShowCitySearchResultView */,
				886AAC642E5741FF00EDBFBF /* LoadingView */,
				8884970C2E5515910019FBC7 /* MainView */,
				8884970B2E5511A80019FBC7 /* CategoryView */,
				BDA31AE62953972B0069E38F /* GeopositionView */,
				8884970E2E5515C60019FBC7 /* LocationmapView */,
				BDA31AE329538E020069E38F /* DetalPlaceView */,
				887080AD2E566C5700C2DB74 /* ZoomPhotoView */,
				888A38842E5C8BBB00BD5F27 /* CarouselView */,
				88C706602E525831005D21E5 /* TipsView */,
				8884970D2E5515AD0019FBC7 /* locationrequestView */,
			);
			path = Screens;
			sourceTree = "<group>";
		};
		BDCA3E7F290852A9006420E4 /* Network */ = {
			isa = PBXGroup;
			children = (
				BDCA3E8129085575006420E4 /* MoyaLayer */,
				884ABFA62E60DB1E00177A6C /* OpenWeatherDataModels */,
				BDCA3E8029085555006420E4 /* FSKDataModels */,
			);
			path = Network;
			sourceTree = "<group>";
		};
		BDCA3E8029085555006420E4 /* FSKDataModels */ = {
			isa = PBXGroup;
			children = (
				888A38982E5CB4BC00BD5F27 /* Jsons */,
				BDCA3E8C290865B0006420E4 /* ContextModels.swift */,
				BDCA3E8F290865B0006420E4 /* PhotoItem.swift */,
				BDCA3E8E290865B0006420E4 /* PlaceModels.swift */,
				BDCA3E8B290865B0006420E4 /* placesAndNearbyModels.swift */,
				BDCA3E8D290865B0006420E4 /* TipsModels.swift */,
			);
			path = FSKDataModels;
			sourceTree = "<group>";
		};
		BDCA3E8129085575006420E4 /* MoyaLayer */ = {
			isa = PBXGroup;
			children = (
				88DEBC7C2E51EF46005C1908 /* PlacesDataSource.swift */,
				88DEBC7A2E51ED49005C1908 /* NetworkProvider.swift */,
				884ABFAB2E60DDAF00177A6C /* MoyaServices */,
			);
			path = MoyaLayer;
			sourceTree = "<group>";
		};
		BDEDA7082961E8D500D14592 /* Subviews */ = {
			isa = PBXGroup;
			children = (
				BDBB7BCB294BC43600515A8C /* CategoryPlaceImage.swift */,
				BDCA3E9529086BDF006420E4 /* SearchRow.swift */,
			);
			path = Subviews;
			sourceTree = "<group>";
		};
		BDEDA7092961E8ED00D14592 /* Subviews */ = {
			isa = PBXGroup;
			children = (
				BDA31AE429538E2E0069E38F /* DetailGridCell.swift */,
			);
			path = Subviews;
			sourceTree = "<group>";
		};
		BDF9DE532909BF3400E8ECE6 /* Extensions */ = {
			isa = PBXGroup;
			children = (
				88EC68642E6597960094D0F9 /* Protocols.swift */,
				8853A5942E5A639500B5AECF /* StringExtensions.swift */,
				BDF9DE542909BF4F00E8ECE6 /* ViewExtensions.swift */,
				BDCA2F4F2958A56600F43B4A /* Settings.swift */,
			);
			path = Extensions;
			sourceTree = "<group>";
		};
/* End PBXGroup section */

/* Begin PBXNativeTarget section */
		BDCA3E6A290844DC006420E4 /* FoursquareAppSwiftUI */ = {
			isa = PBXNativeTarget;
			buildConfigurationList = BDCA3E79290844DD006420E4 /* Build configuration list for PBXNativeTarget "FoursquareAppSwiftUI" */;
			buildPhases = (
				BDCA3E67290844DC006420E4 /* Sources */,
				BDCA3E68290844DC006420E4 /* Frameworks */,
				BDCA3E69290844DC006420E4 /* Resources */,
			);
			buildRules = (
			);
			dependencies = (
			);
			name = FoursquareAppSwiftUI;
			packageProductDependencies = (
				883F7AD22E69A50F00834D75 /* SDWebImageSwiftUI */,
				883F7AD52E69A52A00834D75 /* RealmSwift */,
				883F7AD82E69A54700834D75 /* CombineMoya */,
				883F7ADA2E69A54700834D75 /* Moya */,
				883F7ADC2E69A54700834D75 /* ReactiveMoya */,
				883F7ADE2E69A54700834D75 /* RxMoya */,
			);
			productName = FoursquareAppSwiftUI;
			productReference = BDCA3E6B290844DC006420E4 /* FoursquareAppSwiftUI.app */;
			productType = "com.apple.product-type.application";
		};
/* End PBXNativeTarget section */

/* Begin PBXProject section */
		BDCA3E63290844DC006420E4 /* Project object */ = {
			isa = PBXProject;
			attributes = {
				BuildIndependentTargetsInParallel = 1;
				LastSwiftUpdateCheck = 1400;
				LastUpgradeCheck = 1400;
				TargetAttributes = {
					BDCA3E6A290844DC006420E4 = {
						CreatedOnToolsVersion = 14.0;
					};
				};
			};
			buildConfigurationList = BDCA3E66290844DC006420E4 /* Build configuration list for PBXProject "FoursquareAppSwiftUI" */;
			compatibilityVersion = "Xcode 14.0";
			developmentRegion = en;
			hasScannedForEncodings = 0;
			knownRegions = (
				en,
				Base,
			);
			mainGroup = BDCA3E62290844DC006420E4;
			packageReferences = (
				883F7AD12E69A50F00834D75 /* XCRemoteSwiftPackageReference "SDWebImageSwiftUI" */,
				883F7AD42E69A52A00834D75 /* XCRemoteSwiftPackageReference "realm-swift" */,
				883F7AD72E69A54700834D75 /* XCRemoteSwiftPackageReference "Moya" */,
			);
			productRefGroup = BDCA3E6C290844DC006420E4 /* Products */;
			projectDirPath = "";
			projectRoot = "";
			targets = (
				BDCA3E6A290844DC006420E4 /* FoursquareAppSwiftUI */,
			);
		};
/* End PBXProject section */

/* Begin PBXResourcesBuildPhase section */
		BDCA3E69290844DC006420E4 /* Resources */ = {
			isa = PBXResourcesBuildPhase;
			buildActionMask = 2147483647;
			files = (
				887918C52E647AF000DC7EF4 /* searchCityesresult.json in Resources */,
				BDCA3E76290844DD006420E4 /* Preview Assets.xcassets in Resources */,
				888A38992E5CB4BD00BD5F27 /* Photos.json in Resources */,
				888A389A2E5CB4BD00BD5F27 /* Error.json in Resources */,
				888A389B2E5CB4BD00BD5F27 /* Tips.json in Resources */,
				888A389C2E5CB4BD00BD5F27 /* Places.json in Resources */,
				888A389D2E5CB4BD00BD5F27 /* Placesnearby.json in Resources */,
				888A389E2E5CB4BD00BD5F27 /* Place.json in Resources */,
				BDCA3E73290844DD006420E4 /* Assets.xcassets in Resources */,
			);
			runOnlyForDeploymentPostprocessing = 0;
		};
/* End PBXResourcesBuildPhase section */

/* Begin PBXSourcesBuildPhase section */
		BDCA3E67290844DC006420E4 /* Sources */ = {
			isa = PBXSourcesBuildPhase;
			buildActionMask = 2147483647;
			files = (
				8853A5932E5A0ED500B5AECF /* StartListView.swift in Sources */,
				887918C82E6485C500DC7EF4 /* RealmModels.swift in Sources */,
				BDF9DE552909BF4F00E8ECE6 /* ViewExtensions.swift in Sources */,
				BDBB7BCE294BCC9F00515A8C /* Categories.swift in Sources */,
				BDCA3E71290844DC006420E4 /* GeoPositionView.swift in Sources */,
				BDCA3E92290865B0006420E4 /* TipsModels.swift in Sources */,
				884ABF9A2E60C8EB00177A6C /* LocationModels.swift in Sources */,
				88DEBC7D2E51EF50005C1908 /* PlacesDataSource.swift in Sources */,
				88DEBC7B2E51ED5A005C1908 /* NetworkProvider.swift in Sources */,
				BDBB7BCC294BC43600515A8C /* CategoryPlaceImage.swift in Sources */,
				BDCA3E90290865B0006420E4 /* placesAndNearbyModels.swift in Sources */,
				886AAC662E57421800EDBFBF /* LoadingView.swift in Sources */,
				BDE38F022909CA200098C16B /* DetailPlaceView.swift in Sources */,
				BDCA3E6F290844DC006420E4 /* FoursquareAppSwiftUIApp.swift in Sources */,
				BDA31AE529538E2E0069E38F /* DetailGridCell.swift in Sources */,
				8853A5952E5A63A300B5AECF /* StringExtensions.swift in Sources */,
				BD6940A6294E0144000AE3BB /* DiscoveryView.swift in Sources */,
				BDCA3E93290865B0006420E4 /* PlaceModels.swift in Sources */,
				BDCA3E86290855F3006420E4 /* FoursquareService.swift in Sources */,
				BDA31AE829547F6C0069E38F /* UsersTipsView.swift in Sources */,
				88EC68682E65C7A90094D0F9 /* CitySearchResultView.swift in Sources */,
				888A38862E5C8BE100BD5F27 /* FullScreenPhotoCarouselView.swift in Sources */,
				BDEDA70B2961EA3700D14592 /* LocationMapView.swift in Sources */,
				BDCA3E91290865B0006420E4 /* ContextModels.swift in Sources */,
				88AF04A22E59CD9D00F18BAD /* ZoomPhotoView.swift in Sources */,
				BDCA3E9629086BDF006420E4 /* SearchRow.swift in Sources */,
				88A36E382E6B167800D0583E /* EquitableLocation.swift in Sources */,
				884ABFAA2E60DBF600177A6C /* OpenWeatherService.swift in Sources */,
				BDCA3E94290865B0006420E4 /* PhotoItem.swift in Sources */,
				884ABFA82E60DB4F00177A6C /* OpenWeaterModels.swift in Sources */,
				BDAA355F295636DE007CD6F7 /* LocationRequestView.swift in Sources */,
				88EC68652E6597A30094D0F9 /* Protocols.swift in Sources */,
				BDCA2F502958A56600F43B4A /* Settings.swift in Sources */,
				BDAA355C2956314D007CD6F7 /* LocationManager.swift in Sources */,
				887918D12E64905100DC7EF4 /* CitySeeder.swift in Sources */,
				BDBB7BD2294BCCEA00515A8C /* CategoryView.swift in Sources */,
			);
			runOnlyForDeploymentPostprocessing = 0;
		};
/* End PBXSourcesBuildPhase section */

/* Begin XCBuildConfiguration section */
		BDCA3E77290844DD006420E4 /* Debug */ = {
			isa = XCBuildConfiguration;
			buildSettings = {
				ALWAYS_SEARCH_USER_PATHS = NO;
				CLANG_ANALYZER_NONNULL = YES;
				CLANG_ANALYZER_NUMBER_OBJECT_CONVERSION = YES_AGGRESSIVE;
				CLANG_CXX_LANGUAGE_STANDARD = "gnu++20";
				CLANG_ENABLE_MODULES = YES;
				CLANG_ENABLE_OBJC_ARC = YES;
				CLANG_ENABLE_OBJC_WEAK = YES;
				CLANG_WARN_BLOCK_CAPTURE_AUTORELEASING = YES;
				CLANG_WARN_BOOL_CONVERSION = YES;
				CLANG_WARN_COMMA = YES;
				CLANG_WARN_CONSTANT_CONVERSION = YES;
				CLANG_WARN_DEPRECATED_OBJC_IMPLEMENTATIONS = YES;
				CLANG_WARN_DIRECT_OBJC_ISA_USAGE = YES_ERROR;
				CLANG_WARN_DOCUMENTATION_COMMENTS = YES;
				CLANG_WARN_EMPTY_BODY = YES;
				CLANG_WARN_ENUM_CONVERSION = YES;
				CLANG_WARN_INFINITE_RECURSION = YES;
				CLANG_WARN_INT_CONVERSION = YES;
				CLANG_WARN_NON_LITERAL_NULL_CONVERSION = YES;
				CLANG_WARN_OBJC_IMPLICIT_RETAIN_SELF = YES;
				CLANG_WARN_OBJC_LITERAL_CONVERSION = YES;
				CLANG_WARN_OBJC_ROOT_CLASS = YES_ERROR;
				CLANG_WARN_QUOTED_INCLUDE_IN_FRAMEWORK_HEADER = YES;
				CLANG_WARN_RANGE_LOOP_ANALYSIS = YES;
				CLANG_WARN_STRICT_PROTOTYPES = YES;
				CLANG_WARN_SUSPICIOUS_MOVE = YES;
				CLANG_WARN_UNGUARDED_AVAILABILITY = YES_AGGRESSIVE;
				CLANG_WARN_UNREACHABLE_CODE = YES;
				CLANG_WARN__DUPLICATE_METHOD_MATCH = YES;
				COPY_PHASE_STRIP = NO;
				DEBUG_INFORMATION_FORMAT = dwarf;
				ENABLE_STRICT_OBJC_MSGSEND = YES;
				ENABLE_TESTABILITY = YES;
				GCC_C_LANGUAGE_STANDARD = gnu11;
				GCC_DYNAMIC_NO_PIC = NO;
				GCC_NO_COMMON_BLOCKS = YES;
				GCC_OPTIMIZATION_LEVEL = 0;
				GCC_PREPROCESSOR_DEFINITIONS = (
					"DEBUG=1",
					"$(inherited)",
				);
				GCC_WARN_64_TO_32_BIT_CONVERSION = YES;
				GCC_WARN_ABOUT_RETURN_TYPE = YES_ERROR;
				GCC_WARN_UNDECLARED_SELECTOR = YES;
				GCC_WARN_UNINITIALIZED_AUTOS = YES_AGGRESSIVE;
				GCC_WARN_UNUSED_FUNCTION = YES;
				GCC_WARN_UNUSED_VARIABLE = YES;
				IPHONEOS_DEPLOYMENT_TARGET = 16.0;
				MTL_ENABLE_DEBUG_INFO = INCLUDE_SOURCE;
				MTL_FAST_MATH = YES;
				ONLY_ACTIVE_ARCH = YES;
				SDKROOT = iphoneos;
				SWIFT_ACTIVE_COMPILATION_CONDITIONS = DEBUG;
				SWIFT_OPTIMIZATION_LEVEL = "-Onone";
			};
			name = Debug;
		};
		BDCA3E78290844DD006420E4 /* Release */ = {
			isa = XCBuildConfiguration;
			buildSettings = {
				ALWAYS_SEARCH_USER_PATHS = NO;
				CLANG_ANALYZER_NONNULL = YES;
				CLANG_ANALYZER_NUMBER_OBJECT_CONVERSION = YES_AGGRESSIVE;
				CLANG_CXX_LANGUAGE_STANDARD = "gnu++20";
				CLANG_ENABLE_MODULES = YES;
				CLANG_ENABLE_OBJC_ARC = YES;
				CLANG_ENABLE_OBJC_WEAK = YES;
				CLANG_WARN_BLOCK_CAPTURE_AUTORELEASING = YES;
				CLANG_WARN_BOOL_CONVERSION = YES;
				CLANG_WARN_COMMA = YES;
				CLANG_WARN_CONSTANT_CONVERSION = YES;
				CLANG_WARN_DEPRECATED_OBJC_IMPLEMENTATIONS = YES;
				CLANG_WARN_DIRECT_OBJC_ISA_USAGE = YES_ERROR;
				CLANG_WARN_DOCUMENTATION_COMMENTS = YES;
				CLANG_WARN_EMPTY_BODY = YES;
				CLANG_WARN_ENUM_CONVERSION = YES;
				CLANG_WARN_INFINITE_RECURSION = YES;
				CLANG_WARN_INT_CONVERSION = YES;
				CLANG_WARN_NON_LITERAL_NULL_CONVERSION = YES;
				CLANG_WARN_OBJC_IMPLICIT_RETAIN_SELF = YES;
				CLANG_WARN_OBJC_LITERAL_CONVERSION = YES;
				CLANG_WARN_OBJC_ROOT_CLASS = YES_ERROR;
				CLANG_WARN_QUOTED_INCLUDE_IN_FRAMEWORK_HEADER = YES;
				CLANG_WARN_RANGE_LOOP_ANALYSIS = YES;
				CLANG_WARN_STRICT_PROTOTYPES = YES;
				CLANG_WARN_SUSPICIOUS_MOVE = YES;
				CLANG_WARN_UNGUARDED_AVAILABILITY = YES_AGGRESSIVE;
				CLANG_WARN_UNREACHABLE_CODE = YES;
				CLANG_WARN__DUPLICATE_METHOD_MATCH = YES;
				COPY_PHASE_STRIP = NO;
				DEBUG_INFORMATION_FORMAT = "dwarf-with-dsym";
				ENABLE_NS_ASSERTIONS = NO;
				ENABLE_STRICT_OBJC_MSGSEND = YES;
				GCC_C_LANGUAGE_STANDARD = gnu11;
				GCC_NO_COMMON_BLOCKS = YES;
				GCC_WARN_64_TO_32_BIT_CONVERSION = YES;
				GCC_WARN_ABOUT_RETURN_TYPE = YES_ERROR;
				GCC_WARN_UNDECLARED_SELECTOR = YES;
				GCC_WARN_UNINITIALIZED_AUTOS = YES_AGGRESSIVE;
				GCC_WARN_UNUSED_FUNCTION = YES;
				GCC_WARN_UNUSED_VARIABLE = YES;
				IPHONEOS_DEPLOYMENT_TARGET = 16.0;
				MTL_ENABLE_DEBUG_INFO = NO;
				MTL_FAST_MATH = YES;
				SDKROOT = iphoneos;
				SWIFT_COMPILATION_MODE = wholemodule;
				SWIFT_OPTIMIZATION_LEVEL = "-O";
				VALIDATE_PRODUCT = YES;
			};
			name = Release;
		};
		BDCA3E7A290844DD006420E4 /* Debug */ = {
			isa = XCBuildConfiguration;
			buildSettings = {
				ASSETCATALOG_COMPILER_APPICON_NAME = AppIcon;
				ASSETCATALOG_COMPILER_GLOBAL_ACCENT_COLOR_NAME = AccentColor;
				CODE_SIGN_STYLE = Automatic;
				CURRENT_PROJECT_VERSION = 1;
				DEVELOPMENT_ASSET_PATHS = "\"FoursquareAppSwiftUI/Preview Content\"";
				DEVELOPMENT_TEAM = YPXDVQFQ53;
				ENABLE_PREVIEWS = YES;
				GENERATE_INFOPLIST_FILE = YES;
				INFOPLIST_KEY_NSLocationWhenInUseUsageDescription = "Please allow to use your current location";
				INFOPLIST_KEY_UIApplicationSceneManifest_Generation = YES;
				INFOPLIST_KEY_UIApplicationSupportsIndirectInputEvents = YES;
				INFOPLIST_KEY_UILaunchScreen_Generation = YES;
				INFOPLIST_KEY_UISupportedInterfaceOrientations_iPad = "UIInterfaceOrientationPortrait UIInterfaceOrientationPortraitUpsideDown UIInterfaceOrientationLandscapeLeft UIInterfaceOrientationLandscapeRight";
				INFOPLIST_KEY_UISupportedInterfaceOrientations_iPhone = "UIInterfaceOrientationPortrait UIInterfaceOrientationLandscapeLeft UIInterfaceOrientationLandscapeRight";
				LD_RUNPATH_SEARCH_PATHS = (
					"$(inherited)",
					"@executable_path/Frameworks",
				);
				MARKETING_VERSION = 1.0;
				PRODUCT_BUNDLE_IDENTIFIER = fedii.ihor.FoursquareAppSwiftUI;
				PRODUCT_NAME = "$(TARGET_NAME)";
				SWIFT_EMIT_LOC_STRINGS = YES;
				SWIFT_VERSION = 5.0;
				TARGETED_DEVICE_FAMILY = "1,2";
			};
			name = Debug;
		};
		BDCA3E7B290844DD006420E4 /* Release */ = {
			isa = XCBuildConfiguration;
			buildSettings = {
				ASSETCATALOG_COMPILER_APPICON_NAME = AppIcon;
				ASSETCATALOG_COMPILER_GLOBAL_ACCENT_COLOR_NAME = AccentColor;
				CODE_SIGN_STYLE = Automatic;
				CURRENT_PROJECT_VERSION = 1;
				DEVELOPMENT_ASSET_PATHS = "\"FoursquareAppSwiftUI/Preview Content\"";
				DEVELOPMENT_TEAM = YPXDVQFQ53;
				ENABLE_PREVIEWS = YES;
				GENERATE_INFOPLIST_FILE = YES;
				INFOPLIST_KEY_NSLocationWhenInUseUsageDescription = "Please allow to use your current location";
				INFOPLIST_KEY_UIApplicationSceneManifest_Generation = YES;
				INFOPLIST_KEY_UIApplicationSupportsIndirectInputEvents = YES;
				INFOPLIST_KEY_UILaunchScreen_Generation = YES;
				INFOPLIST_KEY_UISupportedInterfaceOrientations_iPad = "UIInterfaceOrientationPortrait UIInterfaceOrientationPortraitUpsideDown UIInterfaceOrientationLandscapeLeft UIInterfaceOrientationLandscapeRight";
				INFOPLIST_KEY_UISupportedInterfaceOrientations_iPhone = "UIInterfaceOrientationPortrait UIInterfaceOrientationLandscapeLeft UIInterfaceOrientationLandscapeRight";
				LD_RUNPATH_SEARCH_PATHS = (
					"$(inherited)",
					"@executable_path/Frameworks",
				);
				MARKETING_VERSION = 1.0;
				PRODUCT_BUNDLE_IDENTIFIER = fedii.ihor.FoursquareAppSwiftUI;
				PRODUCT_NAME = "$(TARGET_NAME)";
				SWIFT_EMIT_LOC_STRINGS = YES;
				SWIFT_VERSION = 5.0;
				TARGETED_DEVICE_FAMILY = "1,2";
			};
			name = Release;
		};
/* End XCBuildConfiguration section */

/* Begin XCConfigurationList section */
		BDCA3E66290844DC006420E4 /* Build configuration list for PBXProject "FoursquareAppSwiftUI" */ = {
			isa = XCConfigurationList;
			buildConfigurations = (
				BDCA3E77290844DD006420E4 /* Debug */,
				BDCA3E78290844DD006420E4 /* Release */,
			);
			defaultConfigurationIsVisible = 0;
			defaultConfigurationName = Release;
		};
		BDCA3E79290844DD006420E4 /* Build configuration list for PBXNativeTarget "FoursquareAppSwiftUI" */ = {
			isa = XCConfigurationList;
			buildConfigurations = (
				BDCA3E7A290844DD006420E4 /* Debug */,
				BDCA3E7B290844DD006420E4 /* Release */,
			);
			defaultConfigurationIsVisible = 0;
			defaultConfigurationName = Release;
		};
/* End XCConfigurationList section */

/* Begin XCRemoteSwiftPackageReference section */
		883F7AD12E69A50F00834D75 /* XCRemoteSwiftPackageReference "SDWebImageSwiftUI" */ = {
			isa = XCRemoteSwiftPackageReference;
			repositoryURL = "https://github.com/SDWebImage/SDWebImageSwiftUI.git";
			requirement = {
				kind = upToNextMajorVersion;
				minimumVersion = 3.1.3;
			};
		};
		883F7AD42E69A52A00834D75 /* XCRemoteSwiftPackageReference "realm-swift" */ = {
			isa = XCRemoteSwiftPackageReference;
			repositoryURL = "https://github.com/realm/realm-swift";
			requirement = {
				branch = master;
				kind = branch;
			};
		};
		883F7AD72E69A54700834D75 /* XCRemoteSwiftPackageReference "Moya" */ = {
			isa = XCRemoteSwiftPackageReference;
			repositoryURL = "https://github.com/Moya/Moya";
			requirement = {
				kind = upToNextMajorVersion;
				minimumVersion = 15.0.3;
			};
		};
/* End XCRemoteSwiftPackageReference section */

/* Begin XCSwiftPackageProductDependency section */
		883F7AD22E69A50F00834D75 /* SDWebImageSwiftUI */ = {
			isa = XCSwiftPackageProductDependency;
			package = 883F7AD12E69A50F00834D75 /* XCRemoteSwiftPackageReference "SDWebImageSwiftUI" */;
			productName = SDWebImageSwiftUI;
		};
		883F7AD52E69A52A00834D75 /* RealmSwift */ = {
			isa = XCSwiftPackageProductDependency;
			package = 883F7AD42E69A52A00834D75 /* XCRemoteSwiftPackageReference "realm-swift" */;
			productName = RealmSwift;
		};
		883F7AD82E69A54700834D75 /* CombineMoya */ = {
			isa = XCSwiftPackageProductDependency;
			package = 883F7AD72E69A54700834D75 /* XCRemoteSwiftPackageReference "Moya" */;
			productName = CombineMoya;
		};
		883F7ADA2E69A54700834D75 /* Moya */ = {
			isa = XCSwiftPackageProductDependency;
			package = 883F7AD72E69A54700834D75 /* XCRemoteSwiftPackageReference "Moya" */;
			productName = Moya;
		};
		883F7ADC2E69A54700834D75 /* ReactiveMoya */ = {
			isa = XCSwiftPackageProductDependency;
			package = 883F7AD72E69A54700834D75 /* XCRemoteSwiftPackageReference "Moya" */;
			productName = ReactiveMoya;
		};
		883F7ADE2E69A54700834D75 /* RxMoya */ = {
			isa = XCSwiftPackageProductDependency;
			package = 883F7AD72E69A54700834D75 /* XCRemoteSwiftPackageReference "Moya" */;
			productName = RxMoya;
		};
/* End XCSwiftPackageProductDependency section */
	};
	rootObject = BDCA3E63290844DC006420E4 /* Project object */;
}
